Microsoft Visual Studio Solution File, Format Version 12.00
# Visual Studio Version 17
VisualStudioVersion = 17.5.2.0
MinimumVisualStudioVersion = 10.0.40219.1
Project("{2150E333-8FDC-42A3-9474-1A3956D46DE8}") = "src", "src", "{827E0CD3-B72D-47B6-A68D-7590B98EB39B}"
EndProject
Project("{2150E333-8FDC-42A3-9474-1A3956D46DE8}") = "functions", "functions", "{8ACE4114-8886-9720-B387-343844A27A5F}"
EndProject
Project("{FAE04EC0-301F-11D3-BF4B-00C04F79EFBC}") = "DemoFunctionApp", "src\functions\DemoFunctionApp\DemoFunctionApp.csproj", "{DD91BEBB-4B6B-8EBD-91F6-943323C1C7B7}"
EndProject
Project("{2150E333-8FDC-42A3-9474-1A3956D46DE8}") = "DemoFunctionApp (1)", "DemoFunctionApp (1)", "{8400BAF8-AD5E-5802-9400-B80523CABF3C}"
EndProject
Project("{2150E333-8FDC-42A3-9474-1A3956D46DE8}") = "obj", "obj", "{42DF6362-2949-1EB7-736B-B8D4B808FBCF}"
EndProject
Project("{2150E333-8FDC-42A3-9474-1A3956D46DE8}") = "Release", "Release", "{E7730DC3-E3C6-B583-6C8D-3FCD1097ADB3}"
EndProject
Project("{2150E333-8FDC-42A3-9474-1A3956D46DE8}") = "net8.0", "net8.0", "{32F29EA3-1E5D-0F42-9F23-86AFD17CDF7F}"
EndProject
Project("{FAE04EC0-301F-11D3-BF4B-00C04F79EFBC}") = "WorkerExtensions", "src\functions\DemoFunctionApp\obj\Release\net8.0\WorkerExtensions\WorkerExtensions.csproj", "{764DE082-2895-AB5A-FE06-DBE1B26E22F7}"
EndProject
Global
	GlobalSection(SolutionConfigurationPlatforms) = preSolution
		Debug|Any CPU = Debug|Any CPU
		Release|Any CPU = Release|Any CPU
	EndGlobalSection
	GlobalSection(ProjectConfigurationPlatforms) = postSolution
		{DD91BEBB-4B6B-8EBD-91F6-943323C1C7B7}.Debug|Any CPU.ActiveCfg = Debug|Any CPU
		{DD91BEBB-4B6B-8EBD-91F6-943323C1C7B7}.Debug|Any CPU.Build.0 = Debug|Any CPU
		{DD91BEBB-4B6B-8EBD-91F6-943323C1C7B7}.Release|Any CPU.ActiveCfg = Release|Any CPU
		{DD91BEBB-4B6B-8EBD-91F6-943323C1C7B7}.Release|Any CPU.Build.0 = Release|Any CPU
		{764DE082-2895-AB5A-FE06-DBE1B26E22F7}.Debug|Any CPU.ActiveCfg = Debug|Any CPU
		{764DE082-2895-AB5A-FE06-DBE1B26E22F7}.Debug|Any CPU.Build.0 = Debug|Any CPU
		{764DE082-2895-AB5A-FE06-DBE1B26E22F7}.Release|Any CPU.ActiveCfg = Release|Any CPU
		{764DE082-2895-AB5A-FE06-DBE1B26E22F7}.Release|Any CPU.Build.0 = Release|Any CPU
	EndGlobalSection
	GlobalSection(SolutionProperties) = preSolution
		HideSolutionNode = FALSE
	EndGlobalSection
	GlobalSection(NestedProjects) = preSolution
		{8ACE4114-8886-9720-B387-343844A27A5F} = {827E0CD3-B72D-47B6-A68D-7590B98EB39B}
		{DD91BEBB-4B6B-8EBD-91F6-943323C1C7B7} = {8ACE4114-8886-9720-B387-343844A27A5F}
		{8400BAF8-AD5E-5802-9400-B80523CABF3C} = {8ACE4114-8886-9720-B387-343844A27A5F}
		{42DF6362-2949-1EB7-736B-B8D4B808FBCF} = {8400BAF8-AD5E-5802-9400-B80523CABF3C}
		{E7730DC3-E3C6-B583-6C8D-3FCD1097ADB3} = {42DF6362-2949-1EB7-736B-B8D4B808FBCF}
		{32F29EA3-1E5D-0F42-9F23-86AFD17CDF7F} = {E7730DC3-E3C6-B583-6C8D-3FCD1097ADB3}
		{764DE082-2895-AB5A-FE06-DBE1B26E22F7} = {32F29EA3-1E5D-0F42-9F23-86AFD17CDF7F}
	EndGlobalSection
	GlobalSection(ExtensibilityGlobals) = postSolution
		SolutionGuid = {4FD3C3BB-287A-453E-BB19-05537E060D9B}
	EndGlobalSection
EndGlobal
